
Microsoft Visual Studio Solution File, Format Version 12.00
# Visual Studio 15
VisualStudioVersion = 15.0.28010.2003
MinimumVisualStudioVersion = 10.0.40219.1
Project("{FAE04EC0-301F-11D3-BF4B-00C04F79EFBC}") = "Frends.Community.XmlSignature", "Frends.Community.XmlSignature\Frends.Community.XmlSignature.csproj", "{2B692AA3-ACA9-45A8-ABB4-596F97638ED6}"
EndProject
Project("{FAE04EC0-301F-11D3-BF4B-00C04F79EFBC}") = "Frends.Community.XmlSignature.Tests", "Frends.Community.XmlSignature.Tests\Frends.Community.XmlSignature.Tests.csproj", "{F3F7DF56-D4C2-4BD6-99F8-F520AD35E086}"
EndProject
Project("{2150E333-8FDC-42A3-9474-1A3956D46DE8}") = "Solution Items", "Solution Items", "{8953F176-8C44-4C4B-A650-63C6D6EC0697}"
	ProjectSection(SolutionItems) = preProject
		.gitignore = .gitignore
		README.md = README.md
	EndProjectSection
EndProject
Global
	GlobalSection(SolutionConfigurationPlatforms) = preSolution
		Debug|Any CPU = Debug|Any CPU
		Release|Any CPU = Release|Any CPU
	EndGlobalSection
	GlobalSection(ProjectConfigurationPlatforms) = postSolution
		{2B692AA3-ACA9-45A8-ABB4-596F97638ED6}.Debug|Any CPU.ActiveCfg = Debug|Any CPU
		{2B692AA3-ACA9-45A8-ABB4-596F97638ED6}.Debug|Any CPU.Build.0 = Debug|Any CPU
		{2B692AA3-ACA9-45A8-ABB4-596F97638ED6}.Release|Any CPU.ActiveCfg = Release|Any CPU
		{2B692AA3-ACA9-45A8-ABB4-596F97638ED6}.Release|Any CPU.Build.0 = Release|Any CPU
		{F3F7DF56-D4C2-4BD6-99F8-F520AD35E086}.Debug|Any CPU.ActiveCfg = Debug|Any CPU
		{F3F7DF56-D4C2-4BD6-99F8-F520AD35E086}.Debug|Any CPU.Build.0 = Debug|Any CPU
		{F3F7DF56-D4C2-4BD6-99F8-F520AD35E086}.Release|Any CPU.ActiveCfg = Release|Any CPU
		{F3F7DF56-D4C2-4BD6-99F8-F520AD35E086}.Release|Any CPU.Build.0 = Release|Any CPU
	EndGlobalSection
	GlobalSection(SolutionProperties) = preSolution
		HideSolutionNode = FALSE
	EndGlobalSection
	GlobalSection(ExtensibilityGlobals) = postSolution
		SolutionGuid = {686951CE-02CA-403B-9937-607E5A6C23C3}
	EndGlobalSection
EndGlobal
